
Microsoft Visual Studio Solution File, Format Version 12.00
# Visual Studio Version 16
VisualStudioVersion = 16.0.31402.337
MinimumVisualStudioVersion = 10.0.40219.1
Project("{9A19103F-16F7-4668-BE54-9A1E7A4F7556}") = "may15 julio", "may15 julio\may15 julio.csproj", "{98ACE053-5BC5-4347-A367-A5B560BB3E6C}"
EndProject
Project("{FAE04EC0-301F-11D3-BF4B-00C04F79EFBC}") = "Mayracrud", "Mayracrud\Mayracrud.csproj", "{1D2E301A-4C28-46DA-9D1F-C69D4A6DFCF1}"
EndProject
Global
	GlobalSection(SolutionConfigurationPlatforms) = preSolution
		Debug|Any CPU = Debug|Any CPU
		Release|Any CPU = Release|Any CPU
	EndGlobalSection
	GlobalSection(ProjectConfigurationPlatforms) = postSolution
		{98ACE053-5BC5-4347-A367-A5B560BB3E6C}.Debug|Any CPU.ActiveCfg = Debug|Any CPU
		{98ACE053-5BC5-4347-A367-A5B560BB3E6C}.Debug|Any CPU.Build.0 = Debug|Any CPU
		{98ACE053-5BC5-4347-A367-A5B560BB3E6C}.Release|Any CPU.ActiveCfg = Release|Any CPU
		{98ACE053-5BC5-4347-A367-A5B560BB3E6C}.Release|Any CPU.Build.0 = Release|Any CPU
		{1D2E301A-4C28-46DA-9D1F-C69D4A6DFCF1}.Debug|Any CPU.ActiveCfg = Debug|Any CPU
		{1D2E301A-4C28-46DA-9D1F-C69D4A6DFCF1}.Debug|Any CPU.Build.0 = Debug|Any CPU
		{1D2E301A-4C28-46DA-9D1F-C69D4A6DFCF1}.Release|Any CPU.ActiveCfg = Release|Any CPU
		{1D2E301A-4C28-46DA-9D1F-C69D4A6DFCF1}.Release|Any CPU.Build.0 = Release|Any CPU
	EndGlobalSection
	GlobalSection(SolutionProperties) = preSolution
		HideSolutionNode = FALSE
	EndGlobalSection
	GlobalSection(ExtensibilityGlobals) = postSolution
		SolutionGuid = {8E2DF587-6B4C-4FAA-B6A5-492A24CFAF1D}
	EndGlobalSection
EndGlobal
